
Microsoft Visual Studio Solution File, Format Version 12.00
# Visual Studio Version 17
VisualStudioVersion = 17.10.34928.147
MinimumVisualStudioVersion = 10.0.40219.1
Project("{FAE04EC0-301F-11D3-BF4B-00C04F79EFBC}") = "ConsultantMVCApplication", "ConsultantMVCApplication.csproj", "{3EDECCD5-8919-4619-8271-C8981FA19934}"
EndProject
Global
	GlobalSection(SolutionConfigurationPlatforms) = preSolution
		Debug|Any CPU = Debug|Any CPU
		Release|Any CPU = Release|Any CPU
	EndGlobalSection
	GlobalSection(ProjectConfigurationPlatforms) = postSolution
		{3EDECCD5-8919-4619-8271-C8981FA19934}.Debug|Any CPU.ActiveCfg = Debug|Any CPU
		{3EDECCD5-8919-4619-8271-C8981FA19934}.Debug|Any CPU.Build.0 = Debug|Any CPU
		{3EDECCD5-8919-4619-8271-C8981FA19934}.Release|Any CPU.ActiveCfg = Release|Any CPU
		{3EDECCD5-8919-4619-8271-C8981FA19934}.Release|Any CPU.Build.0 = Release|Any CPU
	EndGlobalSection
	GlobalSection(SolutionProperties) = preSolution
		HideSolutionNode = FALSE
	EndGlobalSection
	GlobalSection(ExtensibilityGlobals) = postSolution
		SolutionGuid = {2A6270D8-1E53-43CE-AFF3-F62F03529624}
	EndGlobalSection
EndGlobal
