
Microsoft Visual Studio Solution File, Format Version 12.00
# Visual Studio Version 17
VisualStudioVersion = 17.10.34928.147
MinimumVisualStudioVersion = 10.0.40219.1
Project("{9A19103F-16F7-4668-BE54-9A1E7A4F7556}") = "SmartStock", "SmartStock.csproj", "{1C54ACF2-A7A0-40A2-B2F0-D8FF400013F9}"
EndProject
Project("{FAE04EC0-301F-11D3-BF4B-00C04F79EFBC}") = "Domain", "..\Domain\Domain.csproj", "{3DA1FBEB-D6A3-4E34-B626-5A4C79185E70}"
EndProject
Global
	GlobalSection(SolutionConfigurationPlatforms) = preSolution
		Debug|Any CPU = Debug|Any CPU
		Release|Any CPU = Release|Any CPU
	EndGlobalSection
	GlobalSection(ProjectConfigurationPlatforms) = postSolution
		{1C54ACF2-A7A0-40A2-B2F0-D8FF400013F9}.Debug|Any CPU.ActiveCfg = Debug|Any CPU
		{1C54ACF2-A7A0-40A2-B2F0-D8FF400013F9}.Debug|Any CPU.Build.0 = Debug|Any CPU
		{1C54ACF2-A7A0-40A2-B2F0-D8FF400013F9}.Release|Any CPU.ActiveCfg = Release|Any CPU
		{1C54ACF2-A7A0-40A2-B2F0-D8FF400013F9}.Release|Any CPU.Build.0 = Release|Any CPU
		{3DA1FBEB-D6A3-4E34-B626-5A4C79185E70}.Debug|Any CPU.ActiveCfg = Debug|Any CPU
		{3DA1FBEB-D6A3-4E34-B626-5A4C79185E70}.Debug|Any CPU.Build.0 = Debug|Any CPU
		{3DA1FBEB-D6A3-4E34-B626-5A4C79185E70}.Release|Any CPU.ActiveCfg = Release|Any CPU
		{3DA1FBEB-D6A3-4E34-B626-5A4C79185E70}.Release|Any CPU.Build.0 = Release|Any CPU
	EndGlobalSection
	GlobalSection(SolutionProperties) = preSolution
		HideSolutionNode = FALSE
	EndGlobalSection
	GlobalSection(ExtensibilityGlobals) = postSolution
		SolutionGuid = {0536A57D-1EFE-4D75-991F-339ED087527A}
	EndGlobalSection
EndGlobal
